
Microsoft Visual Studio Solution File, Format Version 12.00
# Visual Studio Version 16
VisualStudioVersion = 16.0.30002.166
MinimumVisualStudioVersion = 10.0.40219.1
Project("{2150E333-8FDC-42A3-9474-1A3956D46DE8}") = "Tencent.Ocr", "Tencent.Ocr", "{91FCC7EC-C363-47B4-B13D-ABE72DCADBC7}"
EndProject
Project("{FAE04EC0-301F-11D3-BF4B-00C04F79EFBC}") = "Tencent.Ocr", "Tencent.Ocr\Tencent.Ocr\Tencent.Ocr.csproj", "{AF0AB9B3-05B7-4348-888E-CBB9E5992669}"
EndProject
Project("{FAE04EC0-301F-11D3-BF4B-00C04F79EFBC}") = "Tencent.Ocr.Activities", "Tencent.Ocr\Tencent.Ocr.Activities\Tencent.Ocr.Activities.csproj", "{947A670C-4397-41E8-81F7-D7078992E944}"
EndProject
Project("{FAE04EC0-301F-11D3-BF4B-00C04F79EFBC}") = "Tencent.Ocr.Activities.Design", "Tencent.Ocr\Tencent.Ocr.Activities.Design\Tencent.Ocr.Activities.Design.csproj", "{8BFBB498-3AEB-4BCB-936C-068A15FC8698}"
EndProject
Project("{2150E333-8FDC-42A3-9474-1A3956D46DE8}") = "Shared", "Shared", "{2DF9066F-F6B3-433F-B0D1-541B86EB9EF1}"
EndProject
Project("{D954291E-2A0B-460D-934E-DC6B0785DB48}") = "UiPath.Shared.Activities", "Shared\UiPath.Shared.Activities\UiPath.Shared.Activities.shproj", "{4546856D-EA50-45C6-9419-EEEACB5A80AA}"
EndProject
Project("{D954291E-2A0B-460D-934E-DC6B0785DB48}") = "UiPath.Shared.Activities.Design", "Shared\UiPath.Shared.Activities.Design\UiPath.Shared.Activities.Design.shproj", "{DF9C43F0-ADD3-4FBF-995E-84B92F9CBF25}"
EndProject
Global
	GlobalSection(SharedMSBuildProjectFiles) = preSolution
		Shared\UiPath.Shared.Activities\UiPath.Shared.Activities.projitems*{4546856d-ea50-45c6-9419-eeeacb5a80aa}*SharedItemsImports = 13
		Shared\UiPath.Shared.Activities.Design\UiPath.Shared.Activities.Design.projitems*{8bfbb498-3aeb-4bcb-936c-068a15fc8698}*SharedItemsImports = 5
		Shared\UiPath.Shared.Activities\UiPath.Shared.Activities.projitems*{947a670c-4397-41e8-81f7-d7078992e944}*SharedItemsImports = 5
		Shared\UiPath.Shared.Activities.Design\UiPath.Shared.Activities.Design.projitems*{df9c43f0-add3-4fbf-995e-84b92f9cbf25}*SharedItemsImports = 13
	EndGlobalSection
	GlobalSection(SolutionConfigurationPlatforms) = preSolution
		Debug|Any CPU = Debug|Any CPU
		Release|Any CPU = Release|Any CPU
	EndGlobalSection
	GlobalSection(ProjectConfigurationPlatforms) = postSolution
		{AF0AB9B3-05B7-4348-888E-CBB9E5992669}.Debug|Any CPU.ActiveCfg = Debug|Any CPU
		{AF0AB9B3-05B7-4348-888E-CBB9E5992669}.Debug|Any CPU.Build.0 = Debug|Any CPU
		{AF0AB9B3-05B7-4348-888E-CBB9E5992669}.Release|Any CPU.ActiveCfg = Release|Any CPU
		{AF0AB9B3-05B7-4348-888E-CBB9E5992669}.Release|Any CPU.Build.0 = Release|Any CPU
		{947A670C-4397-41E8-81F7-D7078992E944}.Debug|Any CPU.ActiveCfg = Debug|Any CPU
		{947A670C-4397-41E8-81F7-D7078992E944}.Debug|Any CPU.Build.0 = Debug|Any CPU
		{947A670C-4397-41E8-81F7-D7078992E944}.Release|Any CPU.ActiveCfg = Release|Any CPU
		{947A670C-4397-41E8-81F7-D7078992E944}.Release|Any CPU.Build.0 = Release|Any CPU
		{8BFBB498-3AEB-4BCB-936C-068A15FC8698}.Debug|Any CPU.ActiveCfg = Debug|Any CPU
		{8BFBB498-3AEB-4BCB-936C-068A15FC8698}.Debug|Any CPU.Build.0 = Debug|Any CPU
		{8BFBB498-3AEB-4BCB-936C-068A15FC8698}.Release|Any CPU.ActiveCfg = Release|Any CPU
		{8BFBB498-3AEB-4BCB-936C-068A15FC8698}.Release|Any CPU.Build.0 = Release|Any CPU
	EndGlobalSection
	GlobalSection(SolutionProperties) = preSolution
		HideSolutionNode = FALSE
	EndGlobalSection
	GlobalSection(NestedProjects) = preSolution
		{AF0AB9B3-05B7-4348-888E-CBB9E5992669} = {91FCC7EC-C363-47B4-B13D-ABE72DCADBC7}
		{947A670C-4397-41E8-81F7-D7078992E944} = {91FCC7EC-C363-47B4-B13D-ABE72DCADBC7}
		{8BFBB498-3AEB-4BCB-936C-068A15FC8698} = {91FCC7EC-C363-47B4-B13D-ABE72DCADBC7}
		{4546856D-EA50-45C6-9419-EEEACB5A80AA} = {2DF9066F-F6B3-433F-B0D1-541B86EB9EF1}
		{DF9C43F0-ADD3-4FBF-995E-84B92F9CBF25} = {2DF9066F-F6B3-433F-B0D1-541B86EB9EF1}
	EndGlobalSection
	GlobalSection(ExtensibilityGlobals) = postSolution
		SolutionGuid = {42A2328B-771D-4693-8FCD-8D0FC715A987}
	EndGlobalSection
EndGlobal
